// !$*UTF8*$!
{
	archiveVersion = 1;
	classes = {
	};
	objectVersion = 55;
	objects = {

/* Begin PBXBuildFile section */
		990DB561273337D800B62902 /* NSMainTabsView.swift in Sources */ = {isa = PBXBuildFile; fileRef = 990DB560273337D800B62902 /* NSMainTabsView.swift */; };
		990DB5632733380800B62902 /* NSAnimationsViewList.swift in Sources */ = {isa = PBXBuildFile; fileRef = 990DB5622733380800B62902 /* NSAnimationsViewList.swift */; };
		990DB567273339EF00B62902 /* NSWatterCircleAnimationProgressView.swift in Sources */ = {isa = PBXBuildFile; fileRef = 990DB566273339EF00B62902 /* NSWatterCircleAnimationProgressView.swift */; };
		990DB56C2733539F00B62902 /* NSGaugeProgressStyle.swift in Sources */ = {isa = PBXBuildFile; fileRef = 990DB56B2733539F00B62902 /* NSGaugeProgressStyle.swift */; };
		9935ED982739C9F400A5A1C1 /* NSTimerCounterLabel.swift in Sources */ = {isa = PBXBuildFile; fileRef = 9935ED972739C9F400A5A1C1 /* NSTimerCounterLabel.swift */; };
		9935ED9A2739CC6900A5A1C1 /* View + EX.swift in Sources */ = {isa = PBXBuildFile; fileRef = 9935ED992739CC6800A5A1C1 /* View + EX.swift */; };
		99548FCB273DCE5600BD477E /* NSTabBarView.swift in Sources */ = {isa = PBXBuildFile; fileRef = 99548FCA273DCE5600BD477E /* NSTabBarView.swift */; };
		99548FCD273DD8A900BD477E /* SafeAreaInsets+EX.swift in Sources */ = {isa = PBXBuildFile; fileRef = 99548FCC273DD8A900BD477E /* SafeAreaInsets+EX.swift */; };
		996726FB273C6F3900998F87 /* NSThemeColors.swift in Sources */ = {isa = PBXBuildFile; fileRef = 996726FA273C6F3900998F87 /* NSThemeColors.swift */; };
		996726FD273C794800998F87 /* AppTheme.swift in Sources */ = {isa = PBXBuildFile; fileRef = 996726FC273C794800998F87 /* AppTheme.swift */; };
		99672701273C7F5500998F87 /* NSTabBarButton.swift in Sources */ = {isa = PBXBuildFile; fileRef = 99672700273C7F5500998F87 /* NSTabBarButton.swift */; };
		9970712D273C8B09009EC103 /* NSTabbarButtons.swift in Sources */ = {isa = PBXBuildFile; fileRef = 9970712C273C8B09009EC103 /* NSTabbarButtons.swift */; };
		99745CA92736B8B800170F1D /* NSLineDotProgressStyle.swift in Sources */ = {isa = PBXBuildFile; fileRef = 99745CA82736B8B800170F1D /* NSLineDotProgressStyle.swift */; };
		99745CAB2736B91200170F1D /* NSDotStyleProgressView.swift in Sources */ = {isa = PBXBuildFile; fileRef = 99745CAA2736B91200170F1D /* NSDotStyleProgressView.swift */; };
		99745CAD2736CB6F00170F1D /* NSWaveShape.swift in Sources */ = {isa = PBXBuildFile; fileRef = 99745CAC2736CB6F00170F1D /* NSWaveShape.swift */; };
		99745CAF2736E4FD00170F1D /* NSProgressViewStyleEx.swift in Sources */ = {isa = PBXBuildFile; fileRef = 99745CAE2736E4FD00170F1D /* NSProgressViewStyleEx.swift */; };
		99B232E4273B24110093C3AC /* NSAddItemTabButon.swift in Sources */ = {isa = PBXBuildFile; fileRef = 99B232E3273B24110093C3AC /* NSAddItemTabButon.swift */; };
		99B232EA273B45910093C3AC /* NSPressModifier.swift in Sources */ = {isa = PBXBuildFile; fileRef = 99B232E9273B45910093C3AC /* NSPressModifier.swift */; };
		99BAC1B22731E8B100536F7B /* NonStopApp.swift in Sources */ = {isa = PBXBuildFile; fileRef = 99BAC1B12731E8B100536F7B /* NonStopApp.swift */; };
		99BAC1B42731E8B100536F7B /* CoreDataExample.swift in Sources */ = {isa = PBXBuildFile; fileRef = 99BAC1B32731E8B100536F7B /* CoreDataExample.swift */; };
		99BAC1B62731E8B400536F7B /* Assets.xcassets in Resources */ = {isa = PBXBuildFile; fileRef = 99BAC1B52731E8B400536F7B /* Assets.xcassets */; };
		99BAC1B92731E8B400536F7B /* Preview Assets.xcassets in Resources */ = {isa = PBXBuildFile; fileRef = 99BAC1B82731E8B400536F7B /* Preview Assets.xcassets */; };
		99BAC1BB2731E8B400536F7B /* Persistence.swift in Sources */ = {isa = PBXBuildFile; fileRef = 99BAC1BA2731E8B400536F7B /* Persistence.swift */; };
		99BAC1BE2731E8B400536F7B /* NonStop.xcdatamodeld in Sources */ = {isa = PBXBuildFile; fileRef = 99BAC1BC2731E8B400536F7B /* NonStop.xcdatamodeld */; };
		99BAC1C82731EBD900536F7B /* NSInitialTimer.swift in Sources */ = {isa = PBXBuildFile; fileRef = 99BAC1C72731EBD900536F7B /* NSInitialTimer.swift */; };
		99BAC1CB2731ECC700536F7B /* Date+EX.swift in Sources */ = {isa = PBXBuildFile; fileRef = 99BAC1CA2731ECC700536F7B /* Date+EX.swift */; };
		99BAC1CD2731EE0F00536F7B /* NSTimerView.swift in Sources */ = {isa = PBXBuildFile; fileRef = 99BAC1CC2731EE0F00536F7B /* NSTimerView.swift */; };
		99BAC1D02731EFEF00536F7B /* DateTimeFormat.swift in Sources */ = {isa = PBXBuildFile; fileRef = 99BAC1CF2731EFEF00536F7B /* DateTimeFormat.swift */; };
		99BAC1D22731F0D100536F7B /* AppLang.swift in Sources */ = {isa = PBXBuildFile; fileRef = 99BAC1D12731F0D100536F7B /* AppLang.swift */; };
		99BAC1D52731F16B00536F7B /* NSSystem.swift in Sources */ = {isa = PBXBuildFile; fileRef = 99BAC1D42731F16B00536F7B /* NSSystem.swift */; };
		99E8FA4E273496B400D8FCA0 /* NSFancyLoaderView.swift in Sources */ = {isa = PBXBuildFile; fileRef = 99E8FA4D273496B400D8FCA0 /* NSFancyLoaderView.swift */; };
/* End PBXBuildFile section */

/* Begin PBXFileReference section */
		990DB560273337D800B62902 /* NSMainTabsView.swift */ = {isa = PBXFileReference; lastKnownFileType = sourcecode.swift; path = NSMainTabsView.swift; sourceTree = "<group>"; };
		990DB5622733380800B62902 /* NSAnimationsViewList.swift */ = {isa = PBXFileReference; lastKnownFileType = sourcecode.swift; path = NSAnimationsViewList.swift; sourceTree = "<group>"; };
		990DB566273339EF00B62902 /* NSWatterCircleAnimationProgressView.swift */ = {isa = PBXFileReference; lastKnownFileType = sourcecode.swift; path = NSWatterCircleAnimationProgressView.swift; sourceTree = "<group>"; };
		990DB56B2733539F00B62902 /* NSGaugeProgressStyle.swift */ = {isa = PBXFileReference; lastKnownFileType = sourcecode.swift; path = NSGaugeProgressStyle.swift; sourceTree = "<group>"; };
		9935ED972739C9F400A5A1C1 /* NSTimerCounterLabel.swift */ = {isa = PBXFileReference; lastKnownFileType = sourcecode.swift; path = NSTimerCounterLabel.swift; sourceTree = "<group>"; };
		9935ED992739CC6800A5A1C1 /* View + EX.swift */ = {isa = PBXFileReference; lastKnownFileType = sourcecode.swift; path = "View + EX.swift"; sourceTree = "<group>"; };
		99548FCA273DCE5600BD477E /* NSTabBarView.swift */ = {isa = PBXFileReference; lastKnownFileType = sourcecode.swift; path = NSTabBarView.swift; sourceTree = "<group>"; };
		99548FCC273DD8A900BD477E /* SafeAreaInsets+EX.swift */ = {isa = PBXFileReference; lastKnownFileType = sourcecode.swift; path = "SafeAreaInsets+EX.swift"; sourceTree = "<group>"; };
		996726FA273C6F3900998F87 /* NSThemeColors.swift */ = {isa = PBXFileReference; lastKnownFileType = sourcecode.swift; path = NSThemeColors.swift; sourceTree = "<group>"; };
		996726FC273C794800998F87 /* AppTheme.swift */ = {isa = PBXFileReference; lastKnownFileType = sourcecode.swift; path = AppTheme.swift; sourceTree = "<group>"; };
		99672700273C7F5500998F87 /* NSTabBarButton.swift */ = {isa = PBXFileReference; lastKnownFileType = sourcecode.swift; path = NSTabBarButton.swift; sourceTree = "<group>"; };
		9970712C273C8B09009EC103 /* NSTabbarButtons.swift */ = {isa = PBXFileReference; lastKnownFileType = sourcecode.swift; path = NSTabbarButtons.swift; sourceTree = "<group>"; };
		99745CA82736B8B800170F1D /* NSLineDotProgressStyle.swift */ = {isa = PBXFileReference; lastKnownFileType = sourcecode.swift; path = NSLineDotProgressStyle.swift; sourceTree = "<group>"; };
		99745CAA2736B91200170F1D /* NSDotStyleProgressView.swift */ = {isa = PBXFileReference; lastKnownFileType = sourcecode.swift; path = NSDotStyleProgressView.swift; sourceTree = "<group>"; };
		99745CAC2736CB6F00170F1D /* NSWaveShape.swift */ = {isa = PBXFileReference; lastKnownFileType = sourcecode.swift; path = NSWaveShape.swift; sourceTree = "<group>"; };
		99745CAE2736E4FD00170F1D /* NSProgressViewStyleEx.swift */ = {isa = PBXFileReference; lastKnownFileType = sourcecode.swift; path = NSProgressViewStyleEx.swift; sourceTree = "<group>"; };
		99B232E3273B24110093C3AC /* NSAddItemTabButon.swift */ = {isa = PBXFileReference; lastKnownFileType = sourcecode.swift; path = NSAddItemTabButon.swift; sourceTree = "<group>"; };
		99B232E9273B45910093C3AC /* NSPressModifier.swift */ = {isa = PBXFileReference; lastKnownFileType = sourcecode.swift; path = NSPressModifier.swift; sourceTree = "<group>"; };
		99BAC1AE2731E8B100536F7B /* NonStop.app */ = {isa = PBXFileReference; explicitFileType = wrapper.application; includeInIndex = 0; path = NonStop.app; sourceTree = BUILT_PRODUCTS_DIR; };
		99BAC1B12731E8B100536F7B /* NonStopApp.swift */ = {isa = PBXFileReference; lastKnownFileType = sourcecode.swift; path = NonStopApp.swift; sourceTree = "<group>"; };
		99BAC1B32731E8B100536F7B /* CoreDataExample.swift */ = {isa = PBXFileReference; lastKnownFileType = sourcecode.swift; path = CoreDataExample.swift; sourceTree = "<group>"; };
		99BAC1B52731E8B400536F7B /* Assets.xcassets */ = {isa = PBXFileReference; lastKnownFileType = folder.assetcatalog; path = Assets.xcassets; sourceTree = "<group>"; };
		99BAC1B82731E8B400536F7B /* Preview Assets.xcassets */ = {isa = PBXFileReference; lastKnownFileType = folder.assetcatalog; path = "Preview Assets.xcassets"; sourceTree = "<group>"; };
		99BAC1BA2731E8B400536F7B /* Persistence.swift */ = {isa = PBXFileReference; lastKnownFileType = sourcecode.swift; path = Persistence.swift; sourceTree = "<group>"; };
		99BAC1BD2731E8B400536F7B /* NonStop.xcdatamodel */ = {isa = PBXFileReference; lastKnownFileType = wrapper.xcdatamodel; path = NonStop.xcdatamodel; sourceTree = "<group>"; };
		99BAC1C72731EBD900536F7B /* NSInitialTimer.swift */ = {isa = PBXFileReference; lastKnownFileType = sourcecode.swift; path = NSInitialTimer.swift; sourceTree = "<group>"; };
		99BAC1CA2731ECC700536F7B /* Date+EX.swift */ = {isa = PBXFileReference; lastKnownFileType = sourcecode.swift; path = "Date+EX.swift"; sourceTree = "<group>"; };
		99BAC1CC2731EE0F00536F7B /* NSTimerView.swift */ = {isa = PBXFileReference; lastKnownFileType = sourcecode.swift; path = NSTimerView.swift; sourceTree = "<group>"; };
		99BAC1CF2731EFEF00536F7B /* DateTimeFormat.swift */ = {isa = PBXFileReference; lastKnownFileType = sourcecode.swift; path = DateTimeFormat.swift; sourceTree = "<group>"; };
		99BAC1D12731F0D100536F7B /* AppLang.swift */ = {isa = PBXFileReference; lastKnownFileType = sourcecode.swift; path = AppLang.swift; sourceTree = "<group>"; };
		99BAC1D42731F16B00536F7B /* NSSystem.swift */ = {isa = PBXFileReference; lastKnownFileType = sourcecode.swift; path = NSSystem.swift; sourceTree = "<group>"; };
		99E8FA4D273496B400D8FCA0 /* NSFancyLoaderView.swift */ = {isa = PBXFileReference; lastKnownFileType = sourcecode.swift; path = NSFancyLoaderView.swift; sourceTree = "<group>"; };
/* End PBXFileReference section */

/* Begin PBXFrameworksBuildPhase section */
		99BAC1AB2731E8B100536F7B /* Frameworks */ = {
			isa = PBXFrameworksBuildPhase;
			buildActionMask = 2147483647;
			files = (
			);
			runOnlyForDeploymentPostprocessing = 0;
		};
/* End PBXFrameworksBuildPhase section */

/* Begin PBXGroup section */
		990DB56A2733537700B62902 /* ViewModifiers */ = {
			isa = PBXGroup;
			children = (
				990DB56B2733539F00B62902 /* NSGaugeProgressStyle.swift */,
				99745CA82736B8B800170F1D /* NSLineDotProgressStyle.swift */,
				99745CAC2736CB6F00170F1D /* NSWaveShape.swift */,
				99745CAE2736E4FD00170F1D /* NSProgressViewStyleEx.swift */,
				99B232E9273B45910093C3AC /* NSPressModifier.swift */,
			);
			path = ViewModifiers;
			sourceTree = "<group>";
		};
		99BAC1A52731E8B100536F7B = {
			isa = PBXGroup;
			children = (
				99BAC1B02731E8B100536F7B /* NonStop */,
				99BAC1AF2731E8B100536F7B /* Products */,
			);
			sourceTree = "<group>";
		};
		99BAC1AF2731E8B100536F7B /* Products */ = {
			isa = PBXGroup;
			children = (
				99BAC1AE2731E8B100536F7B /* NonStop.app */,
			);
			name = Products;
			sourceTree = "<group>";
		};
		99BAC1B02731E8B100536F7B /* NonStop */ = {
			isa = PBXGroup;
			children = (
				990DB56A2733537700B62902 /* ViewModifiers */,
				99BAC1D32731F14700536F7B /* Logic */,
				99BAC1CE2731EFCA00536F7B /* Utility */,
				99BAC1C92731ECB200536F7B /* Extensions */,
				99BAC1C62731EBB200536F7B /* ViewModels */,
				99BAC1C52731EBA800536F7B /* Models */,
				99BAC1C42731EB9F00536F7B /* Views */,
				99BAC1B32731E8B100536F7B /* CoreDataExample.swift */,
				99BAC1B52731E8B400536F7B /* Assets.xcassets */,
				99BAC1BC2731E8B400536F7B /* NonStop.xcdatamodeld */,
				99BAC1B72731E8B400536F7B /* Preview Content */,
			);
			path = NonStop;
			sourceTree = "<group>";
		};
		99BAC1B72731E8B400536F7B /* Preview Content */ = {
			isa = PBXGroup;
			children = (
				99BAC1B82731E8B400536F7B /* Preview Assets.xcassets */,
			);
			path = "Preview Content";
			sourceTree = "<group>";
		};
		99BAC1C42731EB9F00536F7B /* Views */ = {
			isa = PBXGroup;
			children = (
				990DB5622733380800B62902 /* NSAnimationsViewList.swift */,
				99BAC1CC2731EE0F00536F7B /* NSTimerView.swift */,
				9935ED972739C9F400A5A1C1 /* NSTimerCounterLabel.swift */,
				990DB566273339EF00B62902 /* NSWatterCircleAnimationProgressView.swift */,
				99E8FA4D273496B400D8FCA0 /* NSFancyLoaderView.swift */,
				99745CAA2736B91200170F1D /* NSDotStyleProgressView.swift */,
				99B232E3273B24110093C3AC /* NSAddItemTabButon.swift */,
				99672700273C7F5500998F87 /* NSTabBarButton.swift */,
				9970712C273C8B09009EC103 /* NSTabbarButtons.swift */,
				99548FCA273DCE5600BD477E /* NSTabBarView.swift */,
			);
			path = Views;
			sourceTree = "<group>";
		};
		99BAC1C52731EBA800536F7B /* Models */ = {
			isa = PBXGroup;
			children = (
			);
			path = Models;
			sourceTree = "<group>";
		};
		99BAC1C62731EBB200536F7B /* ViewModels */ = {
			isa = PBXGroup;
			children = (
				99BAC1BA2731E8B400536F7B /* Persistence.swift */,
				99BAC1C72731EBD900536F7B /* NSInitialTimer.swift */,
			);
			path = ViewModels;
			sourceTree = "<group>";
		};
		99BAC1C92731ECB200536F7B /* Extensions */ = {
			isa = PBXGroup;
			children = (
				99BAC1CA2731ECC700536F7B /* Date+EX.swift */,
				9935ED992739CC6800A5A1C1 /* View + EX.swift */,
				99548FCC273DD8A900BD477E /* SafeAreaInsets+EX.swift */,
			);
			path = Extensions;
			sourceTree = "<group>";
		};
		99BAC1CE2731EFCA00536F7B /* Utility */ = {
			isa = PBXGroup;
			children = (
				99BAC1CF2731EFEF00536F7B /* DateTimeFormat.swift */,
				99BAC1D12731F0D100536F7B /* AppLang.swift */,
				996726FA273C6F3900998F87 /* NSThemeColors.swift */,
				996726FC273C794800998F87 /* AppTheme.swift */,
			);
			path = Utility;
			sourceTree = "<group>";
		};
		99BAC1D32731F14700536F7B /* Logic */ = {
			isa = PBXGroup;
			children = (
				990DB560273337D800B62902 /* NSMainTabsView.swift */,
				99BAC1B12731E8B100536F7B /* NonStopApp.swift */,
				99BAC1D42731F16B00536F7B /* NSSystem.swift */,
			);
			path = Logic;
			sourceTree = "<group>";
		};
/* End PBXGroup section */

/* Begin PBXNativeTarget section */
		99BAC1AD2731E8B100536F7B /* NonStop */ = {
			isa = PBXNativeTarget;
			buildConfigurationList = 99BAC1C12731E8B400536F7B /* Build configuration list for PBXNativeTarget "NonStop" */;
			buildPhases = (
				99BAC1AA2731E8B100536F7B /* Sources */,
				99BAC1AB2731E8B100536F7B /* Frameworks */,
				99BAC1AC2731E8B100536F7B /* Resources */,
			);
			buildRules = (
			);
			dependencies = (
			);
			name = NonStop;
			productName = NonStop;
			productReference = 99BAC1AE2731E8B100536F7B /* NonStop.app */;
			productType = "com.apple.product-type.application";
		};
/* End PBXNativeTarget section */

/* Begin PBXProject section */
		99BAC1A62731E8B100536F7B /* Project object */ = {
			isa = PBXProject;
			attributes = {
				BuildIndependentTargetsInParallel = 1;
				LastSwiftUpdateCheck = 1310;
				LastUpgradeCheck = 1310;
				TargetAttributes = {
					99BAC1AD2731E8B100536F7B = {
						CreatedOnToolsVersion = 13.1;
					};
				};
			};
			buildConfigurationList = 99BAC1A92731E8B100536F7B /* Build configuration list for PBXProject "NonStop" */;
			compatibilityVersion = "Xcode 13.0";
			developmentRegion = en;
			hasScannedForEncodings = 0;
			knownRegions = (
				en,
				Base,
			);
			mainGroup = 99BAC1A52731E8B100536F7B;
			productRefGroup = 99BAC1AF2731E8B100536F7B /* Products */;
			projectDirPath = "";
			projectRoot = "";
			targets = (
				99BAC1AD2731E8B100536F7B /* NonStop */,
			);
		};
/* End PBXProject section */

/* Begin PBXResourcesBuildPhase section */
		99BAC1AC2731E8B100536F7B /* Resources */ = {
			isa = PBXResourcesBuildPhase;
			buildActionMask = 2147483647;
			files = (
				99BAC1B92731E8B400536F7B /* Preview Assets.xcassets in Resources */,
				99BAC1B62731E8B400536F7B /* Assets.xcassets in Resources */,
			);
			runOnlyForDeploymentPostprocessing = 0;
		};
/* End PBXResourcesBuildPhase section */

/* Begin PBXSourcesBuildPhase section */
		99BAC1AA2731E8B100536F7B /* Sources */ = {
			isa = PBXSourcesBuildPhase;
			buildActionMask = 2147483647;
			files = (
				99745CAB2736B91200170F1D /* NSDotStyleProgressView.swift in Sources */,
				99BAC1CB2731ECC700536F7B /* Date+EX.swift in Sources */,
				99BAC1BB2731E8B400536F7B /* Persistence.swift in Sources */,
				99BAC1BE2731E8B400536F7B /* NonStop.xcdatamodeld in Sources */,
				99BAC1B42731E8B100536F7B /* CoreDataExample.swift in Sources */,
				99B232EA273B45910093C3AC /* NSPressModifier.swift in Sources */,
				990DB56C2733539F00B62902 /* NSGaugeProgressStyle.swift in Sources */,
				990DB5632733380800B62902 /* NSAnimationsViewList.swift in Sources */,
				99BAC1CD2731EE0F00536F7B /* NSTimerView.swift in Sources */,
				99E8FA4E273496B400D8FCA0 /* NSFancyLoaderView.swift in Sources */,
				99548FCD273DD8A900BD477E /* SafeAreaInsets+EX.swift in Sources */,
				99745CA92736B8B800170F1D /* NSLineDotProgressStyle.swift in Sources */,
				99B232E4273B24110093C3AC /* NSAddItemTabButon.swift in Sources */,
				996726FB273C6F3900998F87 /* NSThemeColors.swift in Sources */,
				9970712D273C8B09009EC103 /* NSTabbarButtons.swift in Sources */,
				990DB567273339EF00B62902 /* NSWatterCircleAnimationProgressView.swift in Sources */,
				99672701273C7F5500998F87 /* NSTabBarButton.swift in Sources */,
				99BAC1D02731EFEF00536F7B /* DateTimeFormat.swift in Sources */,
				99BAC1C82731EBD900536F7B /* NSInitialTimer.swift in Sources */,
				9935ED9A2739CC6900A5A1C1 /* View + EX.swift in Sources */,
				99BAC1B22731E8B100536F7B /* NonStopApp.swift in Sources */,
				99BAC1D22731F0D100536F7B /* AppLang.swift in Sources */,
				99548FCB273DCE5600BD477E /* NSTabBarView.swift in Sources */,
				996726FD273C794800998F87 /* AppTheme.swift in Sources */,
				9935ED982739C9F400A5A1C1 /* NSTimerCounterLabel.swift in Sources */,
				99BAC1D52731F16B00536F7B /* NSSystem.swift in Sources */,
				990DB561273337D800B62902 /* NSMainTabsView.swift in Sources */,
				99745CAF2736E4FD00170F1D /* NSProgressViewStyleEx.swift in Sources */,
				99745CAD2736CB6F00170F1D /* NSWaveShape.swift in Sources */,
			);
			runOnlyForDeploymentPostprocessing = 0;
		};
/* End PBXSourcesBuildPhase section */

/* Begin XCBuildConfiguration section */
		99BAC1BF2731E8B400536F7B /* Debug */ = {
			isa = XCBuildConfiguration;
			buildSettings = {
				ALWAYS_SEARCH_USER_PATHS = NO;
				CLANG_ANALYZER_NONNULL = YES;
				CLANG_ANALYZER_NUMBER_OBJECT_CONVERSION = YES_AGGRESSIVE;
				CLANG_CXX_LANGUAGE_STANDARD = "gnu++17";
				CLANG_CXX_LIBRARY = "libc++";
				CLANG_ENABLE_MODULES = YES;
				CLANG_ENABLE_OBJC_ARC = YES;
				CLANG_ENABLE_OBJC_WEAK = YES;
				CLANG_WARN_BLOCK_CAPTURE_AUTORELEASING = YES;
				CLANG_WARN_BOOL_CONVERSION = YES;
				CLANG_WARN_COMMA = YES;
				CLANG_WARN_CONSTANT_CONVERSION = YES;
				CLANG_WARN_DEPRECATED_OBJC_IMPLEMENTATIONS = YES;
				CLANG_WARN_DIRECT_OBJC_ISA_USAGE = YES_ERROR;
				CLANG_WARN_DOCUMENTATION_COMMENTS = YES;
				CLANG_WARN_EMPTY_BODY = YES;
				CLANG_WARN_ENUM_CONVERSION = YES;
				CLANG_WARN_INFINITE_RECURSION = YES;
				CLANG_WARN_INT_CONVERSION = YES;
				CLANG_WARN_NON_LITERAL_NULL_CONVERSION = YES;
				CLANG_WARN_OBJC_IMPLICIT_RETAIN_SELF = YES;
				CLANG_WARN_OBJC_LITERAL_CONVERSION = YES;
				CLANG_WARN_OBJC_ROOT_CLASS = YES_ERROR;
				CLANG_WARN_QUOTED_INCLUDE_IN_FRAMEWORK_HEADER = YES;
				CLANG_WARN_RANGE_LOOP_ANALYSIS = YES;
				CLANG_WARN_STRICT_PROTOTYPES = YES;
				CLANG_WARN_SUSPICIOUS_MOVE = YES;
				CLANG_WARN_UNGUARDED_AVAILABILITY = YES_AGGRESSIVE;
				CLANG_WARN_UNREACHABLE_CODE = YES;
				CLANG_WARN__DUPLICATE_METHOD_MATCH = YES;
				COPY_PHASE_STRIP = NO;
				DEBUG_INFORMATION_FORMAT = dwarf;
				ENABLE_STRICT_OBJC_MSGSEND = YES;
				ENABLE_TESTABILITY = YES;
				GCC_C_LANGUAGE_STANDARD = gnu11;
				GCC_DYNAMIC_NO_PIC = NO;
				GCC_NO_COMMON_BLOCKS = YES;
				GCC_OPTIMIZATION_LEVEL = 0;
				GCC_PREPROCESSOR_DEFINITIONS = (
					"DEBUG=1",
					"$(inherited)",
				);
				GCC_WARN_64_TO_32_BIT_CONVERSION = YES;
				GCC_WARN_ABOUT_RETURN_TYPE = YES_ERROR;
				GCC_WARN_UNDECLARED_SELECTOR = YES;
				GCC_WARN_UNINITIALIZED_AUTOS = YES_AGGRESSIVE;
				GCC_WARN_UNUSED_FUNCTION = YES;
				GCC_WARN_UNUSED_VARIABLE = YES;
				IPHONEOS_DEPLOYMENT_TARGET = 14.0;
				MTL_ENABLE_DEBUG_INFO = INCLUDE_SOURCE;
				MTL_FAST_MATH = YES;
				ONLY_ACTIVE_ARCH = YES;
				SDKROOT = iphoneos;
				SWIFT_ACTIVE_COMPILATION_CONDITIONS = DEBUG;
				SWIFT_OPTIMIZATION_LEVEL = "-Onone";
			};
			name = Debug;
		};
		99BAC1C02731E8B400536F7B /* Release */ = {
			isa = XCBuildConfiguration;
			buildSettings = {
				ALWAYS_SEARCH_USER_PATHS = NO;
				CLANG_ANALYZER_NONNULL = YES;
				CLANG_ANALYZER_NUMBER_OBJECT_CONVERSION = YES_AGGRESSIVE;
				CLANG_CXX_LANGUAGE_STANDARD = "gnu++17";
				CLANG_CXX_LIBRARY = "libc++";
				CLANG_ENABLE_MODULES = YES;
				CLANG_ENABLE_OBJC_ARC = YES;
				CLANG_ENABLE_OBJC_WEAK = YES;
				CLANG_WARN_BLOCK_CAPTURE_AUTORELEASING = YES;
				CLANG_WARN_BOOL_CONVERSION = YES;
				CLANG_WARN_COMMA = YES;
				CLANG_WARN_CONSTANT_CONVERSION = YES;
				CLANG_WARN_DEPRECATED_OBJC_IMPLEMENTATIONS = YES;
				CLANG_WARN_DIRECT_OBJC_ISA_USAGE = YES_ERROR;
				CLANG_WARN_DOCUMENTATION_COMMENTS = YES;
				CLANG_WARN_EMPTY_BODY = YES;
				CLANG_WARN_ENUM_CONVERSION = YES;
				CLANG_WARN_INFINITE_RECURSION = YES;
				CLANG_WARN_INT_CONVERSION = YES;
				CLANG_WARN_NON_LITERAL_NULL_CONVERSION = YES;
				CLANG_WARN_OBJC_IMPLICIT_RETAIN_SELF = YES;
				CLANG_WARN_OBJC_LITERAL_CONVERSION = YES;
				CLANG_WARN_OBJC_ROOT_CLASS = YES_ERROR;
				CLANG_WARN_QUOTED_INCLUDE_IN_FRAMEWORK_HEADER = YES;
				CLANG_WARN_RANGE_LOOP_ANALYSIS = YES;
				CLANG_WARN_STRICT_PROTOTYPES = YES;
				CLANG_WARN_SUSPICIOUS_MOVE = YES;
				CLANG_WARN_UNGUARDED_AVAILABILITY = YES_AGGRESSIVE;
				CLANG_WARN_UNREACHABLE_CODE = YES;
				CLANG_WARN__DUPLICATE_METHOD_MATCH = YES;
				COPY_PHASE_STRIP = NO;
				DEBUG_INFORMATION_FORMAT = "dwarf-with-dsym";
				ENABLE_NS_ASSERTIONS = NO;
				ENABLE_STRICT_OBJC_MSGSEND = YES;
				GCC_C_LANGUAGE_STANDARD = gnu11;
				GCC_NO_COMMON_BLOCKS = YES;
				GCC_WARN_64_TO_32_BIT_CONVERSION = YES;
				GCC_WARN_ABOUT_RETURN_TYPE = YES_ERROR;
				GCC_WARN_UNDECLARED_SELECTOR = YES;
				GCC_WARN_UNINITIALIZED_AUTOS = YES_AGGRESSIVE;
				GCC_WARN_UNUSED_FUNCTION = YES;
				GCC_WARN_UNUSED_VARIABLE = YES;
				IPHONEOS_DEPLOYMENT_TARGET = 14.0;
				MTL_ENABLE_DEBUG_INFO = NO;
				MTL_FAST_MATH = YES;
				SDKROOT = iphoneos;
				SWIFT_COMPILATION_MODE = wholemodule;
				SWIFT_OPTIMIZATION_LEVEL = "-O";
				VALIDATE_PRODUCT = YES;
			};
			name = Release;
		};
		99BAC1C22731E8B400536F7B /* Debug */ = {
			isa = XCBuildConfiguration;
			buildSettings = {
				ASSETCATALOG_COMPILER_APPICON_NAME = AppIcon;
				ASSETCATALOG_COMPILER_GLOBAL_ACCENT_COLOR_NAME = AccentColor;
				CODE_SIGN_STYLE = Automatic;
				CURRENT_PROJECT_VERSION = 1;
				DEVELOPMENT_ASSET_PATHS = "\"NonStop/Preview Content\"";
				DEVELOPMENT_TEAM = FC9Y234L7A;
				ENABLE_PREVIEWS = YES;
				GENERATE_INFOPLIST_FILE = YES;
				INFOPLIST_KEY_UIApplicationSceneManifest_Generation = YES;
				INFOPLIST_KEY_UIApplicationSupportsIndirectInputEvents = YES;
				INFOPLIST_KEY_UILaunchScreen_Generation = YES;
				INFOPLIST_KEY_UISupportedInterfaceOrientations_iPad = "UIInterfaceOrientationPortrait UIInterfaceOrientationPortraitUpsideDown UIInterfaceOrientationLandscapeLeft UIInterfaceOrientationLandscapeRight";
				INFOPLIST_KEY_UISupportedInterfaceOrientations_iPhone = "UIInterfaceOrientationPortrait UIInterfaceOrientationLandscapeLeft UIInterfaceOrientationLandscapeRight";
				LD_RUNPATH_SEARCH_PATHS = (
					"$(inherited)",
					"@executable_path/Frameworks",
				);
				MARKETING_VERSION = 1.0;
				PRODUCT_BUNDLE_IDENTIFIER = by.clevertec.imaslou.NonStop;
				PRODUCT_NAME = "$(TARGET_NAME)";
				SWIFT_EMIT_LOC_STRINGS = YES;
				SWIFT_VERSION = 5.0;
				TARGETED_DEVICE_FAMILY = "1,2";
			};
			name = Debug;
		};
		99BAC1C32731E8B400536F7B /* Release */ = {
			isa = XCBuildConfiguration;
			buildSettings = {
				ASSETCATALOG_COMPILER_APPICON_NAME = AppIcon;
				ASSETCATALOG_COMPILER_GLOBAL_ACCENT_COLOR_NAME = AccentColor;
				CODE_SIGN_STYLE = Automatic;
				CURRENT_PROJECT_VERSION = 1;
				DEVELOPMENT_ASSET_PATHS = "\"NonStop/Preview Content\"";
				DEVELOPMENT_TEAM = FC9Y234L7A;
				ENABLE_PREVIEWS = YES;
				GENERATE_INFOPLIST_FILE = YES;
				INFOPLIST_KEY_UIApplicationSceneManifest_Generation = YES;
				INFOPLIST_KEY_UIApplicationSupportsIndirectInputEvents = YES;
				INFOPLIST_KEY_UILaunchScreen_Generation = YES;
				INFOPLIST_KEY_UISupportedInterfaceOrientations_iPad = "UIInterfaceOrientationPortrait UIInterfaceOrientationPortraitUpsideDown UIInterfaceOrientationLandscapeLeft UIInterfaceOrientationLandscapeRight";
				INFOPLIST_KEY_UISupportedInterfaceOrientations_iPhone = "UIInterfaceOrientationPortrait UIInterfaceOrientationLandscapeLeft UIInterfaceOrientationLandscapeRight";
				LD_RUNPATH_SEARCH_PATHS = (
					"$(inherited)",
					"@executable_path/Frameworks",
				);
				MARKETING_VERSION = 1.0;
				PRODUCT_BUNDLE_IDENTIFIER = by.clevertec.imaslou.NonStop;
				PRODUCT_NAME = "$(TARGET_NAME)";
				SWIFT_EMIT_LOC_STRINGS = YES;
				SWIFT_VERSION = 5.0;
				TARGETED_DEVICE_FAMILY = "1,2";
			};
			name = Release;
		};
/* End XCBuildConfiguration section */

/* Begin XCConfigurationList section */
		99BAC1A92731E8B100536F7B /* Build configuration list for PBXProject "NonStop" */ = {
			isa = XCConfigurationList;
			buildConfigurations = (
				99BAC1BF2731E8B400536F7B /* Debug */,
				99BAC1C02731E8B400536F7B /* Release */,
			);
			defaultConfigurationIsVisible = 0;
			defaultConfigurationName = Release;
		};
		99BAC1C12731E8B400536F7B /* Build configuration list for PBXNativeTarget "NonStop" */ = {
			isa = XCConfigurationList;
			buildConfigurations = (
				99BAC1C22731E8B400536F7B /* Debug */,
				99BAC1C32731E8B400536F7B /* Release */,
			);
			defaultConfigurationIsVisible = 0;
			defaultConfigurationName = Release;
		};
/* End XCConfigurationList section */

/* Begin XCVersionGroup section */
		99BAC1BC2731E8B400536F7B /* NonStop.xcdatamodeld */ = {
			isa = XCVersionGroup;
			children = (
				99BAC1BD2731E8B400536F7B /* NonStop.xcdatamodel */,
			);
			currentVersion = 99BAC1BD2731E8B400536F7B /* NonStop.xcdatamodel */;
			path = NonStop.xcdatamodeld;
			sourceTree = "<group>";
			versionGroupType = wrapper.xcdatamodel;
		};
/* End XCVersionGroup section */
	};
	rootObject = 99BAC1A62731E8B100536F7B /* Project object */;
}
